
Microsoft Visual Studio Solution File, Format Version 12.00
# Visual Studio Version 17
VisualStudioVersion = 17.9.34728.123
MinimumVisualStudioVersion = 10.0.40219.1
Project("{FAE04EC0-301F-11D3-BF4B-00C04F79EFBC}") = "ComputerGraphics3", "ComputerGraphics3\ComputerGraphics3.csproj", "{03DD7BF7-0E35-4E95-AAFA-ED56A60F1C65}"
EndProject
Global
	GlobalSection(SolutionConfigurationPlatforms) = preSolution
		Debug|Any CPU = Debug|Any CPU
		Release|Any CPU = Release|Any CPU
	EndGlobalSection
	GlobalSection(ProjectConfigurationPlatforms) = postSolution
		{03DD7BF7-0E35-4E95-AAFA-ED56A60F1C65}.Debug|Any CPU.ActiveCfg = Debug|Any CPU
		{03DD7BF7-0E35-4E95-AAFA-ED56A60F1C65}.Debug|Any CPU.Build.0 = Debug|Any CPU
		{03DD7BF7-0E35-4E95-AAFA-ED56A60F1C65}.Release|Any CPU.ActiveCfg = Release|Any CPU
		{03DD7BF7-0E35-4E95-AAFA-ED56A60F1C65}.Release|Any CPU.Build.0 = Release|Any CPU
	EndGlobalSection
	GlobalSection(SolutionProperties) = preSolution
		HideSolutionNode = FALSE
	EndGlobalSection
	GlobalSection(ExtensibilityGlobals) = postSolution
		SolutionGuid = {5276E887-7DAD-4A0F-9512-1BBE39E4A472}
	EndGlobalSection
EndGlobal
